
Microsoft Visual Studio Solution File, Format Version 12.00
# Visual Studio Version 16
VisualStudioVersion = 16.0.31624.102
MinimumVisualStudioVersion = 10.0.40219.1
Project("{FAE04EC0-301F-11D3-BF4B-00C04F79EFBC}") = "Freeze", "Freeze\Freeze.csproj", "{05D171F1-1B6F-43C3-B86B-FBDBDDC5C8FC}"
EndProject
Global
	GlobalSection(SolutionConfigurationPlatforms) = preSolution
		Debug|Any CPU = Debug|Any CPU
		Debug|x86 = Debug|x86
		Release|Any CPU = Release|Any CPU
		Release|x86 = Release|x86
	EndGlobalSection
	GlobalSection(ProjectConfigurationPlatforms) = postSolution
		{05D171F1-1B6F-43C3-B86B-FBDBDDC5C8FC}.Debug|Any CPU.ActiveCfg = Debug|Any CPU
		{05D171F1-1B6F-43C3-B86B-FBDBDDC5C8FC}.Debug|Any CPU.Build.0 = Debug|Any CPU
		{05D171F1-1B6F-43C3-B86B-FBDBDDC5C8FC}.Debug|x86.ActiveCfg = Debug|x86
		{05D171F1-1B6F-43C3-B86B-FBDBDDC5C8FC}.Debug|x86.Build.0 = Debug|x86
		{05D171F1-1B6F-43C3-B86B-FBDBDDC5C8FC}.Release|Any CPU.ActiveCfg = Release|Any CPU
		{05D171F1-1B6F-43C3-B86B-FBDBDDC5C8FC}.Release|Any CPU.Build.0 = Release|Any CPU
		{05D171F1-1B6F-43C3-B86B-FBDBDDC5C8FC}.Release|x86.ActiveCfg = Release|x86
		{05D171F1-1B6F-43C3-B86B-FBDBDDC5C8FC}.Release|x86.Build.0 = Release|x86
	EndGlobalSection
	GlobalSection(SolutionProperties) = preSolution
		HideSolutionNode = FALSE
	EndGlobalSection
	GlobalSection(ExtensibilityGlobals) = postSolution
		SolutionGuid = {9D3BCF32-865E-4EB3-80E6-DFA7BCB48300}
	EndGlobalSection
EndGlobal
